
Microsoft Visual Studio Solution File, Format Version 12.00
# Visual Studio Version 16
VisualStudioVersion = 16.0.31515.178
MinimumVisualStudioVersion = 10.0.40219.1
Project("{888888A0-9F3D-457C-B088-3A5042F75D52}") = "CIS261Phase 3", "CIS261Phase 3.pyproj", "{30D7A092-635F-4151-9306-C0DCDED69FCF}"
EndProject
Global
	GlobalSection(SolutionConfigurationPlatforms) = preSolution
		Debug|Any CPU = Debug|Any CPU
		Release|Any CPU = Release|Any CPU
	EndGlobalSection
	GlobalSection(ProjectConfigurationPlatforms) = postSolution
		{30D7A092-635F-4151-9306-C0DCDED69FCF}.Debug|Any CPU.ActiveCfg = Debug|Any CPU
		{30D7A092-635F-4151-9306-C0DCDED69FCF}.Release|Any CPU.ActiveCfg = Release|Any CPU
	EndGlobalSection
	GlobalSection(SolutionProperties) = preSolution
		HideSolutionNode = FALSE
	EndGlobalSection
	GlobalSection(ExtensibilityGlobals) = postSolution
		SolutionGuid = {B3EDE186-7ED1-46E7-9136-D027473002A2}
	EndGlobalSection
EndGlobal
